
Microsoft Visual Studio Solution File, Format Version 12.00
# Visual Studio Version 16
VisualStudioVersion = 16.0.28606.126
MinimumVisualStudioVersion = 10.0.40219.1
Project("{FAE04EC0-301F-11D3-BF4B-00C04F79EFBC}") = "CSharpExercise", "CSharpExercise\CSharpExercise.csproj", "{7E6F7A0A-41E0-43EE-9BC4-EDCE1B346740}"
EndProject
Project("{FAE04EC0-301F-11D3-BF4B-00C04F79EFBC}") = "MathFunctions", "MathFunctions\MathFunctions.csproj", "{8C8539DA-16AB-4E81-AEB0-2FB5643981D6}"
EndProject
Project("{FAE04EC0-301F-11D3-BF4B-00C04F79EFBC}") = "MathFunctionsTests", "MathFunctionsTests\MathFunctionsTests.csproj", "{F01732D5-5126-4030-B0DA-6D3490CB6478}"
EndProject
Project("{FAE04EC0-301F-11D3-BF4B-00C04F79EFBC}") = "VisualizeMathFunctions", "VisualizeMathFunctions\VisualizeMathFunctions.csproj", "{29259BFF-FB31-4BE1-BB67-8A7283EFC1DF}"
EndProject
Global
	GlobalSection(SolutionConfigurationPlatforms) = preSolution
		Debug|Any CPU = Debug|Any CPU
		Release|Any CPU = Release|Any CPU
	EndGlobalSection
	GlobalSection(ProjectConfigurationPlatforms) = postSolution
		{7E6F7A0A-41E0-43EE-9BC4-EDCE1B346740}.Debug|Any CPU.ActiveCfg = Debug|Any CPU
		{7E6F7A0A-41E0-43EE-9BC4-EDCE1B346740}.Debug|Any CPU.Build.0 = Debug|Any CPU
		{7E6F7A0A-41E0-43EE-9BC4-EDCE1B346740}.Release|Any CPU.ActiveCfg = Release|Any CPU
		{7E6F7A0A-41E0-43EE-9BC4-EDCE1B346740}.Release|Any CPU.Build.0 = Release|Any CPU
		{8C8539DA-16AB-4E81-AEB0-2FB5643981D6}.Debug|Any CPU.ActiveCfg = Debug|Any CPU
		{8C8539DA-16AB-4E81-AEB0-2FB5643981D6}.Debug|Any CPU.Build.0 = Debug|Any CPU
		{8C8539DA-16AB-4E81-AEB0-2FB5643981D6}.Release|Any CPU.ActiveCfg = Release|Any CPU
		{8C8539DA-16AB-4E81-AEB0-2FB5643981D6}.Release|Any CPU.Build.0 = Release|Any CPU
		{F01732D5-5126-4030-B0DA-6D3490CB6478}.Debug|Any CPU.ActiveCfg = Debug|Any CPU
		{F01732D5-5126-4030-B0DA-6D3490CB6478}.Debug|Any CPU.Build.0 = Debug|Any CPU
		{F01732D5-5126-4030-B0DA-6D3490CB6478}.Release|Any CPU.ActiveCfg = Release|Any CPU
		{F01732D5-5126-4030-B0DA-6D3490CB6478}.Release|Any CPU.Build.0 = Release|Any CPU
		{29259BFF-FB31-4BE1-BB67-8A7283EFC1DF}.Debug|Any CPU.ActiveCfg = Debug|Any CPU
		{29259BFF-FB31-4BE1-BB67-8A7283EFC1DF}.Debug|Any CPU.Build.0 = Debug|Any CPU
		{29259BFF-FB31-4BE1-BB67-8A7283EFC1DF}.Release|Any CPU.ActiveCfg = Release|Any CPU
		{29259BFF-FB31-4BE1-BB67-8A7283EFC1DF}.Release|Any CPU.Build.0 = Release|Any CPU
	EndGlobalSection
	GlobalSection(SolutionProperties) = preSolution
		HideSolutionNode = FALSE
	EndGlobalSection
	GlobalSection(ExtensibilityGlobals) = postSolution
		SolutionGuid = {A11AB8AC-4E2B-4E65-AD6C-B624F177CB00}
	EndGlobalSection
EndGlobal
